// !$*UTF8*$!
{
	archiveVersion = 1;
	classes = {
	};
	objectVersion = 48;
	objects = {

/* Begin PBXBuildFile section */
		069B5A611FFBD763009EA601 /* GoogleService-Info.plist in Resources */ = {isa = PBXBuildFile; fileRef = 069B5A601FFBD762009EA601 /* GoogleService-Info.plist */; };
		069B5A641FFBE88B009EA601 /* GameViewController.m in Sources */ = {isa = PBXBuildFile; fileRef = 069B5A631FFBE88B009EA601 /* GameViewController.m */; };
		069B5A661FFBEBC9009EA601 /* AudioToolbox.framework in Frameworks */ = {isa = PBXBuildFile; fileRef = 069B5A651FFBEBC9009EA601 /* AudioToolbox.framework */; };
		069B5A681FFBEBDE009EA601 /* AVFoundation.framework in Frameworks */ = {isa = PBXBuildFile; fileRef = 069B5A671FFBEBDE009EA601 /* AVFoundation.framework */; };
		069B5A731FFBECC1009EA601 /* combo.mp3 in Resources */ = {isa = PBXBuildFile; fileRef = 069B5A6C1FFBECBF009EA601 /* combo.mp3 */; };
		069B5A741FFBECC1009EA601 /* miss.mp3 in Resources */ = {isa = PBXBuildFile; fileRef = 069B5A6D1FFBECBF009EA601 /* miss.mp3 */; };
		069B5A751FFBECC1009EA601 /* start.mp3 in Resources */ = {isa = PBXBuildFile; fileRef = 069B5A6E1FFBECC0009EA601 /* start.mp3 */; };
		069B5A761FFBECC1009EA601 /* back.mp3 in Resources */ = {isa = PBXBuildFile; fileRef = 069B5A6F1FFBECC0009EA601 /* back.mp3 */; };
		069B5A771FFBECC1009EA601 /* gameover.mp3 in Resources */ = {isa = PBXBuildFile; fileRef = 069B5A701FFBECC0009EA601 /* gameover.mp3 */; };
		069B5A781FFBECC1009EA601 /* ok.mp3 in Resources */ = {isa = PBXBuildFile; fileRef = 069B5A711FFBECC0009EA601 /* ok.mp3 */; };
		069B5A791FFBECC1009EA601 /* unplug.mp3 in Resources */ = {isa = PBXBuildFile; fileRef = 069B5A721FFBECC1009EA601 /* unplug.mp3 */; };
		069B5A7B1FFC0814009EA601 /* GameKit.framework in Frameworks */ = {isa = PBXBuildFile; fileRef = 069B5A7A1FFC0814009EA601 /* GameKit.framework */; };
		06B80F261FFBC5A10071D1FC /* AppDelegate.m in Sources */ = {isa = PBXBuildFile; fileRef = 06B80F251FFBC5A10071D1FC /* AppDelegate.m */; };
		06B80F291FFBC5A10071D1FC /* ViewController.m in Sources */ = {isa = PBXBuildFile; fileRef = 06B80F281FFBC5A10071D1FC /* ViewController.m */; };
		06B80F2C1FFBC5A10071D1FC /* Main.storyboard in Resources */ = {isa = PBXBuildFile; fileRef = 06B80F2A1FFBC5A10071D1FC /* Main.storyboard */; };
		06B80F2E1FFBC5A10071D1FC /* Assets.xcassets in Resources */ = {isa = PBXBuildFile; fileRef = 06B80F2D1FFBC5A10071D1FC /* Assets.xcassets */; };
		06B80F311FFBC5A10071D1FC /* LaunchScreen.storyboard in Resources */ = {isa = PBXBuildFile; fileRef = 06B80F2F1FFBC5A10071D1FC /* LaunchScreen.storyboard */; };
		06B80F341FFBC5A10071D1FC /* main.m in Sources */ = {isa = PBXBuildFile; fileRef = 06B80F331FFBC5A10071D1FC /* main.m */; };
		D9AE67AAE72B22A009255BC3 /* libPods-TheLastHair.a in Frameworks */ = {isa = PBXBuildFile; fileRef = F997583EA31E0D66A2D5C421 /* libPods-TheLastHair.a */; };
/* End PBXBuildFile section */

/* Begin PBXFileReference section */
		069B5A601FFBD762009EA601 /* GoogleService-Info.plist */ = {isa = PBXFileReference; fileEncoding = 4; lastKnownFileType = text.plist.xml; path = "GoogleService-Info.plist"; sourceTree = "<group>"; };
		069B5A621FFBE88B009EA601 /* GameViewController.h */ = {isa = PBXFileReference; lastKnownFileType = sourcecode.c.h; path = GameViewController.h; sourceTree = "<group>"; };
		069B5A631FFBE88B009EA601 /* GameViewController.m */ = {isa = PBXFileReference; lastKnownFileType = sourcecode.c.objc; path = GameViewController.m; sourceTree = "<group>"; };
		069B5A651FFBEBC9009EA601 /* AudioToolbox.framework */ = {isa = PBXFileReference; lastKnownFileType = wrapper.framework; name = AudioToolbox.framework; path = System/Library/Frameworks/AudioToolbox.framework; sourceTree = SDKROOT; };
		069B5A671FFBEBDE009EA601 /* AVFoundation.framework */ = {isa = PBXFileReference; lastKnownFileType = wrapper.framework; name = AVFoundation.framework; path = System/Library/Frameworks/AVFoundation.framework; sourceTree = SDKROOT; };
		069B5A6C1FFBECBF009EA601 /* combo.mp3 */ = {isa = PBXFileReference; lastKnownFileType = audio.mp3; path = combo.mp3; sourceTree = "<group>"; };
		069B5A6D1FFBECBF009EA601 /* miss.mp3 */ = {isa = PBXFileReference; lastKnownFileType = audio.mp3; path = miss.mp3; sourceTree = "<group>"; };
		069B5A6E1FFBECC0009EA601 /* start.mp3 */ = {isa = PBXFileReference; lastKnownFileType = audio.mp3; path = start.mp3; sourceTree = "<group>"; };
		069B5A6F1FFBECC0009EA601 /* back.mp3 */ = {isa = PBXFileReference; lastKnownFileType = audio.mp3; path = back.mp3; sourceTree = "<group>"; };
		069B5A701FFBECC0009EA601 /* gameover.mp3 */ = {isa = PBXFileReference; lastKnownFileType = audio.mp3; path = gameover.mp3; sourceTree = "<group>"; };
		069B5A711FFBECC0009EA601 /* ok.mp3 */ = {isa = PBXFileReference; lastKnownFileType = audio.mp3; path = ok.mp3; sourceTree = "<group>"; };
		069B5A721FFBECC1009EA601 /* unplug.mp3 */ = {isa = PBXFileReference; lastKnownFileType = audio.mp3; path = unplug.mp3; sourceTree = "<group>"; };
		069B5A7A1FFC0814009EA601 /* GameKit.framework */ = {isa = PBXFileReference; lastKnownFileType = wrapper.framework; name = GameKit.framework; path = System/Library/Frameworks/GameKit.framework; sourceTree = SDKROOT; };
		06B80F211FFBC5A10071D1FC /* TheLastHair.app */ = {isa = PBXFileReference; explicitFileType = wrapper.application; includeInIndex = 0; path = TheLastHair.app; sourceTree = BUILT_PRODUCTS_DIR; };
		06B80F241FFBC5A10071D1FC /* AppDelegate.h */ = {isa = PBXFileReference; lastKnownFileType = sourcecode.c.h; path = AppDelegate.h; sourceTree = "<group>"; };
		06B80F251FFBC5A10071D1FC /* AppDelegate.m */ = {isa = PBXFileReference; lastKnownFileType = sourcecode.c.objc; path = AppDelegate.m; sourceTree = "<group>"; };
		06B80F271FFBC5A10071D1FC /* ViewController.h */ = {isa = PBXFileReference; lastKnownFileType = sourcecode.c.h; path = ViewController.h; sourceTree = "<group>"; };
		06B80F281FFBC5A10071D1FC /* ViewController.m */ = {isa = PBXFileReference; lastKnownFileType = sourcecode.c.objc; path = ViewController.m; sourceTree = "<group>"; };
		06B80F2B1FFBC5A10071D1FC /* Base */ = {isa = PBXFileReference; lastKnownFileType = file.storyboard; name = Base; path = Base.lproj/Main.storyboard; sourceTree = "<group>"; };
		06B80F2D1FFBC5A10071D1FC /* Assets.xcassets */ = {isa = PBXFileReference; lastKnownFileType = folder.assetcatalog; path = Assets.xcassets; sourceTree = "<group>"; };
		06B80F301FFBC5A10071D1FC /* Base */ = {isa = PBXFileReference; lastKnownFileType = file.storyboard; name = Base; path = Base.lproj/LaunchScreen.storyboard; sourceTree = "<group>"; };
		06B80F321FFBC5A10071D1FC /* Info.plist */ = {isa = PBXFileReference; lastKnownFileType = text.plist.xml; path = Info.plist; sourceTree = "<group>"; };
		06B80F331FFBC5A10071D1FC /* main.m */ = {isa = PBXFileReference; lastKnownFileType = sourcecode.c.objc; path = main.m; sourceTree = "<group>"; };
		E739BBC07A4D053B2BB80ABC /* Pods-TheLastHair.debug.xcconfig */ = {isa = PBXFileReference; includeInIndex = 1; lastKnownFileType = text.xcconfig; name = "Pods-TheLastHair.debug.xcconfig"; path = "Pods/Target Support Files/Pods-TheLastHair/Pods-TheLastHair.debug.xcconfig"; sourceTree = "<group>"; };
		F2BE9F7085119E5C943FD29D /* Pods-TheLastHair.release.xcconfig */ = {isa = PBXFileReference; includeInIndex = 1; lastKnownFileType = text.xcconfig; name = "Pods-TheLastHair.release.xcconfig"; path = "Pods/Target Support Files/Pods-TheLastHair/Pods-TheLastHair.release.xcconfig"; sourceTree = "<group>"; };
		F997583EA31E0D66A2D5C421 /* libPods-TheLastHair.a */ = {isa = PBXFileReference; explicitFileType = archive.ar; includeInIndex = 0; path = "libPods-TheLastHair.a"; sourceTree = BUILT_PRODUCTS_DIR; };
/* End PBXFileReference section */

/* Begin PBXFrameworksBuildPhase section */
		06B80F1E1FFBC5A10071D1FC /* Frameworks */ = {
			isa = PBXFrameworksBuildPhase;
			buildActionMask = 2147483647;
			files = (
				069B5A681FFBEBDE009EA601 /* AVFoundation.framework in Frameworks */,
				069B5A661FFBEBC9009EA601 /* AudioToolbox.framework in Frameworks */,
				D9AE67AAE72B22A009255BC3 /* libPods-TheLastHair.a in Frameworks */,
				069B5A7B1FFC0814009EA601 /* GameKit.framework in Frameworks */,
			);
			runOnlyForDeploymentPostprocessing = 0;
		};
/* End PBXFrameworksBuildPhase section */

/* Begin PBXGroup section */
		069B5A6B1FFBECAE009EA601 /* sound */ = {
			isa = PBXGroup;
			children = (
				069B5A6F1FFBECC0009EA601 /* back.mp3 */,
				069B5A6C1FFBECBF009EA601 /* combo.mp3 */,
				069B5A701FFBECC0009EA601 /* gameover.mp3 */,
				069B5A6D1FFBECBF009EA601 /* miss.mp3 */,
				069B5A711FFBECC0009EA601 /* ok.mp3 */,
				069B5A6E1FFBECC0009EA601 /* start.mp3 */,
				069B5A721FFBECC1009EA601 /* unplug.mp3 */,
			);
			path = sound;
			sourceTree = "<group>";
		};
		06B80F181FFBC5A10071D1FC = {
			isa = PBXGroup;
			children = (
				069B5A6B1FFBECAE009EA601 /* sound */,
				06B80F231FFBC5A10071D1FC /* TheLastHair */,
				06B80F221FFBC5A10071D1FC /* Products */,
				CEC2D0A835AD138A6D73E4E5 /* Pods */,
				0B02DDE6F3387EE62B3F8C8E /* Frameworks */,
			);
			sourceTree = "<group>";
		};
		06B80F221FFBC5A10071D1FC /* Products */ = {
			isa = PBXGroup;
			children = (
				06B80F211FFBC5A10071D1FC /* TheLastHair.app */,
			);
			name = Products;
			sourceTree = "<group>";
		};
		06B80F231FFBC5A10071D1FC /* TheLastHair */ = {
			isa = PBXGroup;
			children = (
				06B80F241FFBC5A10071D1FC /* AppDelegate.h */,
				06B80F251FFBC5A10071D1FC /* AppDelegate.m */,
				06B80F271FFBC5A10071D1FC /* ViewController.h */,
				06B80F281FFBC5A10071D1FC /* ViewController.m */,
				06B80F2A1FFBC5A10071D1FC /* Main.storyboard */,
				06B80F2D1FFBC5A10071D1FC /* Assets.xcassets */,
				069B5A621FFBE88B009EA601 /* GameViewController.h */,
				069B5A631FFBE88B009EA601 /* GameViewController.m */,
				06B80F2F1FFBC5A10071D1FC /* LaunchScreen.storyboard */,
				06B80F321FFBC5A10071D1FC /* Info.plist */,
				069B5A601FFBD762009EA601 /* GoogleService-Info.plist */,
				06B80F331FFBC5A10071D1FC /* main.m */,
			);
			path = TheLastHair;
			sourceTree = "<group>";
		};
		0B02DDE6F3387EE62B3F8C8E /* Frameworks */ = {
			isa = PBXGroup;
			children = (
				069B5A7A1FFC0814009EA601 /* GameKit.framework */,
				069B5A671FFBEBDE009EA601 /* AVFoundation.framework */,
				069B5A651FFBEBC9009EA601 /* AudioToolbox.framework */,
				F997583EA31E0D66A2D5C421 /* libPods-TheLastHair.a */,
			);
			name = Frameworks;
			sourceTree = "<group>";
		};
		CEC2D0A835AD138A6D73E4E5 /* Pods */ = {
			isa = PBXGroup;
			children = (
				E739BBC07A4D053B2BB80ABC /* Pods-TheLastHair.debug.xcconfig */,
				F2BE9F7085119E5C943FD29D /* Pods-TheLastHair.release.xcconfig */,
			);
			name = Pods;
			sourceTree = "<group>";
		};
/* End PBXGroup section */

/* Begin PBXNativeTarget section */
		06B80F201FFBC5A10071D1FC /* TheLastHair */ = {
			isa = PBXNativeTarget;
			buildConfigurationList = 06B80F371FFBC5A10071D1FC /* Build configuration list for PBXNativeTarget "TheLastHair" */;
			buildPhases = (
				DD1F8907D319C3510A4F0B78 /* [CP] Check Pods Manifest.lock */,
				06B80F1D1FFBC5A10071D1FC /* Sources */,
				06B80F1E1FFBC5A10071D1FC /* Frameworks */,
				06B80F1F1FFBC5A10071D1FC /* Resources */,
				BADB77C6D4836DB2AAB51F07 /* [CP] Embed Pods Frameworks */,
				97C1C1D3053793C3B45BB8B9 /* [CP] Copy Pods Resources */,
			);
			buildRules = (
			);
			dependencies = (
			);
			name = TheLastHair;
			productName = TheLastHair;
			productReference = 06B80F211FFBC5A10071D1FC /* TheLastHair.app */;
			productType = "com.apple.product-type.application";
		};
/* End PBXNativeTarget section */

/* Begin PBXProject section */
		06B80F191FFBC5A10071D1FC /* Project object */ = {
			isa = PBXProject;
			attributes = {
				LastUpgradeCheck = 0920;
				ORGANIZATIONNAME = UDONKONET;
				TargetAttributes = {
					06B80F201FFBC5A10071D1FC = {
						CreatedOnToolsVersion = 9.2;
						ProvisioningStyle = Automatic;
						SystemCapabilities = {
							com.apple.GameCenter = {
								enabled = 1;
							};
						};
					};
				};
			};
			buildConfigurationList = 06B80F1C1FFBC5A10071D1FC /* Build configuration list for PBXProject "TheLastHair" */;
			compatibilityVersion = "Xcode 8.0";
			developmentRegion = en;
			hasScannedForEncodings = 0;
			knownRegions = (
				en,
				Base,
			);
			mainGroup = 06B80F181FFBC5A10071D1FC;
			productRefGroup = 06B80F221FFBC5A10071D1FC /* Products */;
			projectDirPath = "";
			projectRoot = "";
			targets = (
				06B80F201FFBC5A10071D1FC /* TheLastHair */,
			);
		};
/* End PBXProject section */

/* Begin PBXResourcesBuildPhase section */
		06B80F1F1FFBC5A10071D1FC /* Resources */ = {
			isa = PBXResourcesBuildPhase;
			buildActionMask = 2147483647;
			files = (
				069B5A781FFBECC1009EA601 /* ok.mp3 in Resources */,
				06B80F311FFBC5A10071D1FC /* LaunchScreen.storyboard in Resources */,
				069B5A611FFBD763009EA601 /* GoogleService-Info.plist in Resources */,
				069B5A741FFBECC1009EA601 /* miss.mp3 in Resources */,
				069B5A751FFBECC1009EA601 /* start.mp3 in Resources */,
				06B80F2E1FFBC5A10071D1FC /* Assets.xcassets in Resources */,
				069B5A731FFBECC1009EA601 /* combo.mp3 in Resources */,
				06B80F2C1FFBC5A10071D1FC /* Main.storyboard in Resources */,
				069B5A761FFBECC1009EA601 /* back.mp3 in Resources */,
				069B5A791FFBECC1009EA601 /* unplug.mp3 in Resources */,
				069B5A771FFBECC1009EA601 /* gameover.mp3 in Resources */,
			);
			runOnlyForDeploymentPostprocessing = 0;
		};
/* End PBXResourcesBuildPhase section */

/* Begin PBXShellScriptBuildPhase section */
		97C1C1D3053793C3B45BB8B9 /* [CP] Copy Pods Resources */ = {
			isa = PBXShellScriptBuildPhase;
			buildActionMask = 2147483647;
			files = (
			);
			inputPaths = (
			);
			name = "[CP] Copy Pods Resources";
			outputPaths = (
			);
			runOnlyForDeploymentPostprocessing = 0;
			shellPath = /bin/sh;
			shellScript = "\"${SRCROOT}/Pods/Target Support Files/Pods-TheLastHair/Pods-TheLastHair-resources.sh\"\n";
			showEnvVarsInLog = 0;
		};
		BADB77C6D4836DB2AAB51F07 /* [CP] Embed Pods Frameworks */ = {
			isa = PBXShellScriptBuildPhase;
			buildActionMask = 2147483647;
			files = (
			);
			inputPaths = (
			);
			name = "[CP] Embed Pods Frameworks";
			outputPaths = (
			);
			runOnlyForDeploymentPostprocessing = 0;
			shellPath = /bin/sh;
			shellScript = "\"${SRCROOT}/Pods/Target Support Files/Pods-TheLastHair/Pods-TheLastHair-frameworks.sh\"\n";
			showEnvVarsInLog = 0;
		};
		DD1F8907D319C3510A4F0B78 /* [CP] Check Pods Manifest.lock */ = {
			isa = PBXShellScriptBuildPhase;
			buildActionMask = 2147483647;
			files = (
			);
			inputPaths = (
				"${PODS_PODFILE_DIR_PATH}/Podfile.lock",
				"${PODS_ROOT}/Manifest.lock",
			);
			name = "[CP] Check Pods Manifest.lock";
			outputPaths = (
				"$(DERIVED_FILE_DIR)/Pods-TheLastHair-checkManifestLockResult.txt",
			);
			runOnlyForDeploymentPostprocessing = 0;
			shellPath = /bin/sh;
			shellScript = "diff \"${PODS_PODFILE_DIR_PATH}/Podfile.lock\" \"${PODS_ROOT}/Manifest.lock\" > /dev/null\nif [ $? != 0 ] ; then\n    # print error to STDERR\n    echo \"error: The sandbox is not in sync with the Podfile.lock. Run 'pod install' or update your CocoaPods installation.\" >&2\n    exit 1\nfi\n# This output is used by Xcode 'outputs' to avoid re-running this script phase.\necho \"SUCCESS\" > \"${SCRIPT_OUTPUT_FILE_0}\"\n";
			showEnvVarsInLog = 0;
		};
/* End PBXShellScriptBuildPhase section */

/* Begin PBXSourcesBuildPhase section */
		06B80F1D1FFBC5A10071D1FC /* Sources */ = {
			isa = PBXSourcesBuildPhase;
			buildActionMask = 2147483647;
			files = (
				069B5A641FFBE88B009EA601 /* GameViewController.m in Sources */,
				06B80F291FFBC5A10071D1FC /* ViewController.m in Sources */,
				06B80F341FFBC5A10071D1FC /* main.m in Sources */,
				06B80F261FFBC5A10071D1FC /* AppDelegate.m in Sources */,
			);
			runOnlyForDeploymentPostprocessing = 0;
		};
/* End PBXSourcesBuildPhase section */

/* Begin PBXVariantGroup section */
		06B80F2A1FFBC5A10071D1FC /* Main.storyboard */ = {
			isa = PBXVariantGroup;
			children = (
				06B80F2B1FFBC5A10071D1FC /* Base */,
			);
			name = Main.storyboard;
			sourceTree = "<group>";
		};
		06B80F2F1FFBC5A10071D1FC /* LaunchScreen.storyboard */ = {
			isa = PBXVariantGroup;
			children = (
				06B80F301FFBC5A10071D1FC /* Base */,
			);
			name = LaunchScreen.storyboard;
			sourceTree = "<group>";
		};
/* End PBXVariantGroup section */

/* Begin XCBuildConfiguration section */
		06B80F351FFBC5A10071D1FC /* Debug */ = {
			isa = XCBuildConfiguration;
			buildSettings = {
				ALWAYS_SEARCH_USER_PATHS = NO;
				CLANG_ANALYZER_NONNULL = YES;
				CLANG_ANALYZER_NUMBER_OBJECT_CONVERSION = YES_AGGRESSIVE;
				CLANG_CXX_LANGUAGE_STANDARD = "gnu++14";
				CLANG_CXX_LIBRARY = "libc++";
				CLANG_ENABLE_MODULES = YES;
				CLANG_ENABLE_OBJC_ARC = YES;
				CLANG_WARN_BLOCK_CAPTURE_AUTORELEASING = YES;
				CLANG_WARN_BOOL_CONVERSION = YES;
				CLANG_WARN_COMMA = YES;
				CLANG_WARN_CONSTANT_CONVERSION = YES;
				CLANG_WARN_DIRECT_OBJC_ISA_USAGE = YES_ERROR;
				CLANG_WARN_DOCUMENTATION_COMMENTS = YES;
				CLANG_WARN_EMPTY_BODY = YES;
				CLANG_WARN_ENUM_CONVERSION = YES;
				CLANG_WARN_INFINITE_RECURSION = YES;
				CLANG_WARN_INT_CONVERSION = YES;
				CLANG_WARN_NON_LITERAL_NULL_CONVERSION = YES;
				CLANG_WARN_OBJC_LITERAL_CONVERSION = YES;
				CLANG_WARN_OBJC_ROOT_CLASS = YES_ERROR;
				CLANG_WARN_RANGE_LOOP_ANALYSIS = YES;
				CLANG_WARN_STRICT_PROTOTYPES = YES;
				CLANG_WARN_SUSPICIOUS_MOVE = YES;
				CLANG_WARN_UNGUARDED_AVAILABILITY = YES_AGGRESSIVE;
				CLANG_WARN_UNREACHABLE_CODE = YES;
				CLANG_WARN__DUPLICATE_METHOD_MATCH = YES;
				CODE_SIGN_IDENTITY = "iPhone Developer";
				COPY_PHASE_STRIP = NO;
				DEBUG_INFORMATION_FORMAT = dwarf;
				ENABLE_STRICT_OBJC_MSGSEND = YES;
				ENABLE_TESTABILITY = YES;
				GCC_C_LANGUAGE_STANDARD = gnu11;
				GCC_DYNAMIC_NO_PIC = NO;
				GCC_NO_COMMON_BLOCKS = YES;
				GCC_OPTIMIZATION_LEVEL = 0;
				GCC_PREPROCESSOR_DEFINITIONS = (
					"DEBUG=1",
					"$(inherited)",
				);
				GCC_WARN_64_TO_32_BIT_CONVERSION = YES;
				GCC_WARN_ABOUT_RETURN_TYPE = YES_ERROR;
				GCC_WARN_UNDECLARED_SELECTOR = YES;
				GCC_WARN_UNINITIALIZED_AUTOS = YES_AGGRESSIVE;
				GCC_WARN_UNUSED_FUNCTION = YES;
				GCC_WARN_UNUSED_VARIABLE = YES;
				IPHONEOS_DEPLOYMENT_TARGET = 11.2;
				MTL_ENABLE_DEBUG_INFO = YES;
				ONLY_ACTIVE_ARCH = YES;
				SDKROOT = iphoneos;
			};
			name = Debug;
		};
		06B80F361FFBC5A10071D1FC /* Release */ = {
			isa = XCBuildConfiguration;
			buildSettings = {
				ALWAYS_SEARCH_USER_PATHS = NO;
				CLANG_ANALYZER_NONNULL = YES;
				CLANG_ANALYZER_NUMBER_OBJECT_CONVERSION = YES_AGGRESSIVE;
				CLANG_CXX_LANGUAGE_STANDARD = "gnu++14";
				CLANG_CXX_LIBRARY = "libc++";
				CLANG_ENABLE_MODULES = YES;
				CLANG_ENABLE_OBJC_ARC = YES;
				CLANG_WARN_BLOCK_CAPTURE_AUTORELEASING = YES;
				CLANG_WARN_BOOL_CONVERSION = YES;
				CLANG_WARN_COMMA = YES;
				CLANG_WARN_CONSTANT_CONVERSION = YES;
				CLANG_WARN_DIRECT_OBJC_ISA_USAGE = YES_ERROR;
				CLANG_WARN_DOCUMENTATION_COMMENTS = YES;
				CLANG_WARN_EMPTY_BODY = YES;
				CLANG_WARN_ENUM_CONVERSION = YES;
				CLANG_WARN_INFINITE_RECURSION = YES;
				CLANG_WARN_INT_CONVERSION = YES;
				CLANG_WARN_NON_LITERAL_NULL_CONVERSION = YES;
				CLANG_WARN_OBJC_LITERAL_CONVERSION = YES;
				CLANG_WARN_OBJC_ROOT_CLASS = YES_ERROR;
				CLANG_WARN_RANGE_LOOP_ANALYSIS = YES;
				CLANG_WARN_STRICT_PROTOTYPES = YES;
				CLANG_WARN_SUSPICIOUS_MOVE = YES;
				CLANG_WARN_UNGUARDED_AVAILABILITY = YES_AGGRESSIVE;
				CLANG_WARN_UNREACHABLE_CODE = YES;
				CLANG_WARN__DUPLICATE_METHOD_MATCH = YES;
				CODE_SIGN_IDENTITY = "iPhone Developer";
				COPY_PHASE_STRIP = NO;
				DEBUG_INFORMATION_FORMAT = "dwarf-with-dsym";
				ENABLE_NS_ASSERTIONS = NO;
				ENABLE_STRICT_OBJC_MSGSEND = YES;
				GCC_C_LANGUAGE_STANDARD = gnu11;
				GCC_NO_COMMON_BLOCKS = YES;
				GCC_WARN_64_TO_32_BIT_CONVERSION = YES;
				GCC_WARN_ABOUT_RETURN_TYPE = YES_ERROR;
				GCC_WARN_UNDECLARED_SELECTOR = YES;
				GCC_WARN_UNINITIALIZED_AUTOS = YES_AGGRESSIVE;
				GCC_WARN_UNUSED_FUNCTION = YES;
				GCC_WARN_UNUSED_VARIABLE = YES;
				IPHONEOS_DEPLOYMENT_TARGET = 11.2;
				MTL_ENABLE_DEBUG_INFO = NO;
				SDKROOT = iphoneos;
				VALIDATE_PRODUCT = YES;
			};
			name = Release;
		};
		06B80F381FFBC5A10071D1FC /* Debug */ = {
			isa = XCBuildConfiguration;
			baseConfigurationReference = E739BBC07A4D053B2BB80ABC /* Pods-TheLastHair.debug.xcconfig */;
			buildSettings = {
				ASSETCATALOG_COMPILER_APPICON_NAME = AppIcon;
				"CODE_SIGN_IDENTITY[sdk=iphoneos*]" = "iPhone Developer";
				CODE_SIGN_STYLE = Automatic;
				DEVELOPMENT_TEAM = 7JKB5AMAKP;
				INFOPLIST_FILE = TheLastHair/Info.plist;
				LD_RUNPATH_SEARCH_PATHS = "$(inherited) @executable_path/Frameworks";
				PRODUCT_BUNDLE_IDENTIFIER = net.udonko.NamiheiHair;
				PRODUCT_NAME = "$(TARGET_NAME)";
				PROVISIONING_PROFILE = "";
				PROVISIONING_PROFILE_SPECIFIER = "";
				TARGETED_DEVICE_FAMILY = 1;
			};
			name = Debug;
		};
		06B80F391FFBC5A10071D1FC /* Release */ = {
			isa = XCBuildConfiguration;
			baseConfigurationReference = F2BE9F7085119E5C943FD29D /* Pods-TheLastHair.release.xcconfig */;
			buildSettings = {
				ASSETCATALOG_COMPILER_APPICON_NAME = AppIcon;
				"CODE_SIGN_IDENTITY[sdk=iphoneos*]" = "iPhone Developer";
				CODE_SIGN_STYLE = Automatic;
				DEVELOPMENT_TEAM = 7JKB5AMAKP;
				INFOPLIST_FILE = TheLastHair/Info.plist;
				LD_RUNPATH_SEARCH_PATHS = "$(inherited) @executable_path/Frameworks";
				PRODUCT_BUNDLE_IDENTIFIER = net.udonko.NamiheiHair;
				PRODUCT_NAME = "$(TARGET_NAME)";
				PROVISIONING_PROFILE = "";
				PROVISIONING_PROFILE_SPECIFIER = "";
				TARGETED_DEVICE_FAMILY = 1;
			};
			name = Release;
		};
/* End XCBuildConfiguration section */

/* Begin XCConfigurationList section */
		06B80F1C1FFBC5A10071D1FC /* Build configuration list for PBXProject "TheLastHair" */ = {
			isa = XCConfigurationList;
			buildConfigurations = (
				06B80F351FFBC5A10071D1FC /* Debug */,
				06B80F361FFBC5A10071D1FC /* Release */,
			);
			defaultConfigurationIsVisible = 0;
			defaultConfigurationName = Release;
		};
		06B80F371FFBC5A10071D1FC /* Build configuration list for PBXNativeTarget "TheLastHair" */ = {
			isa = XCConfigurationList;
			buildConfigurations = (
				06B80F381FFBC5A10071D1FC /* Debug */,
				06B80F391FFBC5A10071D1FC /* Release */,
			);
			defaultConfigurationIsVisible = 0;
			defaultConfigurationName = Release;
		};
/* End XCConfigurationList section */
	};
	rootObject = 06B80F191FFBC5A10071D1FC /* Project object */;
}
